// !$*UTF8*$!
{
	archiveVersion = 1;
	classes = {
	};
	objectVersion = 46;
	objects = {

/* Begin PBXBuildFile section */
		083257B01B7E8991006DBE65 /* main.m in Sources */ = {isa = PBXBuildFile; fileRef = 083257AF1B7E8991006DBE65 /* main.m */; };
		083257B31B7E8991006DBE65 /* AppDelegate.m in Sources */ = {isa = PBXBuildFile; fileRef = 083257B21B7E8991006DBE65 /* AppDelegate.m */; };
		083257B61B7E8991006DBE65 /* ViewController.m in Sources */ = {isa = PBXBuildFile; fileRef = 083257B51B7E8991006DBE65 /* ViewController.m */; };
		083257B91B7E8991006DBE65 /* Main.storyboard in Resources */ = {isa = PBXBuildFile; fileRef = 083257B71B7E8991006DBE65 /* Main.storyboard */; };
		083257BB1B7E8991006DBE65 /* Images.xcassets in Resources */ = {isa = PBXBuildFile; fileRef = 083257BA1B7E8991006DBE65 /* Images.xcassets */; };
		083257BE1B7E8991006DBE65 /* LaunchScreen.xib in Resources */ = {isa = PBXBuildFile; fileRef = 083257BC1B7E8991006DBE65 /* LaunchScreen.xib */; };
		083257CA1B7E8991006DBE65 /* ChatTestTests.m in Sources */ = {isa = PBXBuildFile; fileRef = 083257C91B7E8991006DBE65 /* ChatTestTests.m */; };
		083257D81B7EB06E006DBE65 /* ChatViewController.m in Sources */ = {isa = PBXBuildFile; fileRef = 083257D71B7EB06E006DBE65 /* ChatViewController.m */; };
		083257DB1B7EDE57006DBE65 /* ChatMsgCellTableViewCell.m in Sources */ = {isa = PBXBuildFile; fileRef = 083257DA1B7EDE57006DBE65 /* ChatMsgCellTableViewCell.m */; };
		083257DE1B7EE427006DBE65 /* ChatMessageItem.m in Sources */ = {isa = PBXBuildFile; fileRef = 083257DD1B7EE427006DBE65 /* ChatMessageItem.m */; };
		083257E31B7EF028006DBE65 /* Bolts.framework in Frameworks */ = {isa = PBXBuildFile; fileRef = 083257E01B7EF028006DBE65 /* Bolts.framework */; };
		083257E41B7EF028006DBE65 /* Parse.framework in Frameworks */ = {isa = PBXBuildFile; fileRef = 083257E11B7EF028006DBE65 /* Parse.framework */; };
		083257E51B7EF028006DBE65 /* ParseFacebookUtils.framework in Frameworks */ = {isa = PBXBuildFile; fileRef = 083257E21B7EF028006DBE65 /* ParseFacebookUtils.framework */; };
		083257E91B7FC252006DBE65 /* FacebookSDK.framework in Frameworks */ = {isa = PBXBuildFile; fileRef = 083257E81B7FC252006DBE65 /* FacebookSDK.framework */; };
		083257EB1B800F60006DBE65 /* CoreLocation.framework in Frameworks */ = {isa = PBXBuildFile; fileRef = 083257EA1B800F60006DBE65 /* CoreLocation.framework */; };
		083257ED1B800F6B006DBE65 /* AudioToolbox.framework in Frameworks */ = {isa = PBXBuildFile; fileRef = 083257EC1B800F6B006DBE65 /* AudioToolbox.framework */; };
		083257EF1B800F76006DBE65 /* CFNetwork.framework in Frameworks */ = {isa = PBXBuildFile; fileRef = 083257EE1B800F76006DBE65 /* CFNetwork.framework */; };
		083257F11B800F80006DBE65 /* CoreGraphics.framework in Frameworks */ = {isa = PBXBuildFile; fileRef = 083257F01B800F80006DBE65 /* CoreGraphics.framework */; };
		083257F31B800F8C006DBE65 /* Foundation.framework in Frameworks */ = {isa = PBXBuildFile; fileRef = 083257F21B800F8C006DBE65 /* Foundation.framework */; };
		083257F51B800F9F006DBE65 /* libz.dylib in Frameworks */ = {isa = PBXBuildFile; fileRef = 083257F41B800F9F006DBE65 /* libz.dylib */; };
		083257F71B800FAC006DBE65 /* MobileCoreServices.framework in Frameworks */ = {isa = PBXBuildFile; fileRef = 083257F61B800FAC006DBE65 /* MobileCoreServices.framework */; };
		083257F91B800FB5006DBE65 /* QuartzCore.framework in Frameworks */ = {isa = PBXBuildFile; fileRef = 083257F81B800FB5006DBE65 /* QuartzCore.framework */; };
		083257FB1B800FC3006DBE65 /* Security.framework in Frameworks */ = {isa = PBXBuildFile; fileRef = 083257FA1B800FC3006DBE65 /* Security.framework */; };
		083257FF1B800FE0006DBE65 /* SystemConfiguration.framework in Frameworks */ = {isa = PBXBuildFile; fileRef = 083257FE1B800FE0006DBE65 /* SystemConfiguration.framework */; };
		083258011B800FE9006DBE65 /* UIKit.framework in Frameworks */ = {isa = PBXBuildFile; fileRef = 083258001B800FE9006DBE65 /* UIKit.framework */; };
		083258041B80107A006DBE65 /* libsqlite3.dylib in Frameworks */ = {isa = PBXBuildFile; fileRef = 083258031B80107A006DBE65 /* libsqlite3.dylib */; };
/* End PBXBuildFile section */

/* Begin PBXContainerItemProxy section */
		083257C41B7E8991006DBE65 /* PBXContainerItemProxy */ = {
			isa = PBXContainerItemProxy;
			containerPortal = 083257A21B7E8991006DBE65 /* Project object */;
			proxyType = 1;
			remoteGlobalIDString = 083257A91B7E8991006DBE65;
			remoteInfo = ChatTest;
		};
/* End PBXContainerItemProxy section */

/* Begin PBXFileReference section */
		083257AA1B7E8991006DBE65 /* ChatTest.app */ = {isa = PBXFileReference; explicitFileType = wrapper.application; includeInIndex = 0; path = ChatTest.app; sourceTree = BUILT_PRODUCTS_DIR; };
		083257AE1B7E8991006DBE65 /* Info.plist */ = {isa = PBXFileReference; lastKnownFileType = text.plist.xml; path = Info.plist; sourceTree = "<group>"; };
		083257AF1B7E8991006DBE65 /* main.m */ = {isa = PBXFileReference; lastKnownFileType = sourcecode.c.objc; path = main.m; sourceTree = "<group>"; };
		083257B11B7E8991006DBE65 /* AppDelegate.h */ = {isa = PBXFileReference; lastKnownFileType = sourcecode.c.h; path = AppDelegate.h; sourceTree = "<group>"; };
		083257B21B7E8991006DBE65 /* AppDelegate.m */ = {isa = PBXFileReference; lastKnownFileType = sourcecode.c.objc; path = AppDelegate.m; sourceTree = "<group>"; };
		083257B41B7E8991006DBE65 /* ViewController.h */ = {isa = PBXFileReference; lastKnownFileType = sourcecode.c.h; path = ViewController.h; sourceTree = "<group>"; };
		083257B51B7E8991006DBE65 /* ViewController.m */ = {isa = PBXFileReference; lastKnownFileType = sourcecode.c.objc; path = ViewController.m; sourceTree = "<group>"; };
		083257B81B7E8991006DBE65 /* Base */ = {isa = PBXFileReference; lastKnownFileType = file.storyboard; name = Base; path = Base.lproj/Main.storyboard; sourceTree = "<group>"; };
		083257BA1B7E8991006DBE65 /* Images.xcassets */ = {isa = PBXFileReference; lastKnownFileType = folder.assetcatalog; path = Images.xcassets; sourceTree = "<group>"; };
		083257BD1B7E8991006DBE65 /* Base */ = {isa = PBXFileReference; lastKnownFileType = file.xib; name = Base; path = Base.lproj/LaunchScreen.xib; sourceTree = "<group>"; };
		083257C31B7E8991006DBE65 /* ChatTestTests.xctest */ = {isa = PBXFileReference; explicitFileType = wrapper.cfbundle; includeInIndex = 0; path = ChatTestTests.xctest; sourceTree = BUILT_PRODUCTS_DIR; };
		083257C81B7E8991006DBE65 /* Info.plist */ = {isa = PBXFileReference; lastKnownFileType = text.plist.xml; path = Info.plist; sourceTree = "<group>"; };
		083257C91B7E8991006DBE65 /* ChatTestTests.m */ = {isa = PBXFileReference; lastKnownFileType = sourcecode.c.objc; path = ChatTestTests.m; sourceTree = "<group>"; };
		083257D61B7EB06E006DBE65 /* ChatViewController.h */ = {isa = PBXFileReference; fileEncoding = 4; lastKnownFileType = sourcecode.c.h; path = ChatViewController.h; sourceTree = "<group>"; };
		083257D71B7EB06E006DBE65 /* ChatViewController.m */ = {isa = PBXFileReference; fileEncoding = 4; lastKnownFileType = sourcecode.c.objc; path = ChatViewController.m; sourceTree = "<group>"; };
		083257D91B7EDE57006DBE65 /* ChatMsgCellTableViewCell.h */ = {isa = PBXFileReference; fileEncoding = 4; lastKnownFileType = sourcecode.c.h; path = ChatMsgCellTableViewCell.h; sourceTree = "<group>"; };
		083257DA1B7EDE57006DBE65 /* ChatMsgCellTableViewCell.m */ = {isa = PBXFileReference; fileEncoding = 4; lastKnownFileType = sourcecode.c.objc; path = ChatMsgCellTableViewCell.m; sourceTree = "<group>"; };
		083257DC1B7EE427006DBE65 /* ChatMessageItem.h */ = {isa = PBXFileReference; fileEncoding = 4; lastKnownFileType = sourcecode.c.h; path = ChatMessageItem.h; sourceTree = "<group>"; };
		083257DD1B7EE427006DBE65 /* ChatMessageItem.m */ = {isa = PBXFileReference; fileEncoding = 4; lastKnownFileType = sourcecode.c.objc; path = ChatMessageItem.m; sourceTree = "<group>"; };
		083257E01B7EF028006DBE65 /* Bolts.framework */ = {isa = PBXFileReference; lastKnownFileType = wrapper.framework; name = Bolts.framework; path = ProjectFiles/Bolts.framework; sourceTree = "<group>"; };
		083257E11B7EF028006DBE65 /* Parse.framework */ = {isa = PBXFileReference; lastKnownFileType = wrapper.framework; name = Parse.framework; path = ProjectFiles/Parse.framework; sourceTree = "<group>"; };
		083257E21B7EF028006DBE65 /* ParseFacebookUtils.framework */ = {isa = PBXFileReference; lastKnownFileType = wrapper.framework; name = ParseFacebookUtils.framework; path = ProjectFiles/ParseFacebookUtils.framework; sourceTree = "<group>"; };
		083257E61B7FAB8E006DBE65 /* Config.h */ = {isa = PBXFileReference; lastKnownFileType = sourcecode.c.h; path = Config.h; sourceTree = "<group>"; };
		083257E71B7FBDE9006DBE65 /* Constance.h */ = {isa = PBXFileReference; lastKnownFileType = sourcecode.c.h; path = Constance.h; sourceTree = "<group>"; };
		083257E81B7FC252006DBE65 /* FacebookSDK.framework */ = {isa = PBXFileReference; lastKnownFileType = wrapper.framework; name = FacebookSDK.framework; path = ProjectFiles/FacebookSDK.framework; sourceTree = "<group>"; };
		083257EA1B800F60006DBE65 /* CoreLocation.framework */ = {isa = PBXFileReference; lastKnownFileType = wrapper.framework; name = CoreLocation.framework; path = System/Library/Frameworks/CoreLocation.framework; sourceTree = SDKROOT; };
		083257EC1B800F6B006DBE65 /* AudioToolbox.framework */ = {isa = PBXFileReference; lastKnownFileType = wrapper.framework; name = AudioToolbox.framework; path = System/Library/Frameworks/AudioToolbox.framework; sourceTree = SDKROOT; };
		083257EE1B800F76006DBE65 /* CFNetwork.framework */ = {isa = PBXFileReference; lastKnownFileType = wrapper.framework; name = CFNetwork.framework; path = System/Library/Frameworks/CFNetwork.framework; sourceTree = SDKROOT; };
		083257F01B800F80006DBE65 /* CoreGraphics.framework */ = {isa = PBXFileReference; lastKnownFileType = wrapper.framework; name = CoreGraphics.framework; path = System/Library/Frameworks/CoreGraphics.framework; sourceTree = SDKROOT; };
		083257F21B800F8C006DBE65 /* Foundation.framework */ = {isa = PBXFileReference; lastKnownFileType = wrapper.framework; name = Foundation.framework; path = System/Library/Frameworks/Foundation.framework; sourceTree = SDKROOT; };
		083257F41B800F9F006DBE65 /* libz.dylib */ = {isa = PBXFileReference; lastKnownFileType = "compiled.mach-o.dylib"; name = libz.dylib; path = usr/lib/libz.dylib; sourceTree = SDKROOT; };
		083257F61B800FAC006DBE65 /* MobileCoreServices.framework */ = {isa = PBXFileReference; lastKnownFileType = wrapper.framework; name = MobileCoreServices.framework; path = System/Library/Frameworks/MobileCoreServices.framework; sourceTree = SDKROOT; };
		083257F81B800FB5006DBE65 /* QuartzCore.framework */ = {isa = PBXFileReference; lastKnownFileType = wrapper.framework; name = QuartzCore.framework; path = System/Library/Frameworks/QuartzCore.framework; sourceTree = SDKROOT; };
		083257FA1B800FC3006DBE65 /* Security.framework */ = {isa = PBXFileReference; lastKnownFileType = wrapper.framework; name = Security.framework; path = System/Library/Frameworks/Security.framework; sourceTree = SDKROOT; };
		083257FC1B800FCF006DBE65 /* StoreKit.framework */ = {isa = PBXFileReference; lastKnownFileType = wrapper.framework; name = StoreKit.framework; path = System/Library/Frameworks/StoreKit.framework; sourceTree = SDKROOT; };
		083257FE1B800FE0006DBE65 /* SystemConfiguration.framework */ = {isa = PBXFileReference; lastKnownFileType = wrapper.framework; name = SystemConfiguration.framework; path = System/Library/Frameworks/SystemConfiguration.framework; sourceTree = SDKROOT; };
		083258001B800FE9006DBE65 /* UIKit.framework */ = {isa = PBXFileReference; lastKnownFileType = wrapper.framework; name = UIKit.framework; path = System/Library/Frameworks/UIKit.framework; sourceTree = SDKROOT; };
		083258031B80107A006DBE65 /* libsqlite3.dylib */ = {isa = PBXFileReference; lastKnownFileType = "compiled.mach-o.dylib"; name = libsqlite3.dylib; path = usr/lib/libsqlite3.dylib; sourceTree = SDKROOT; };
/* End PBXFileReference section */

/* Begin PBXFrameworksBuildPhase section */
		083257A71B7E8991006DBE65 /* Frameworks */ = {
			isa = PBXFrameworksBuildPhase;
			buildActionMask = 2147483647;
			files = (
				083258041B80107A006DBE65 /* libsqlite3.dylib in Frameworks */,
				083258011B800FE9006DBE65 /* UIKit.framework in Frameworks */,
				083257FF1B800FE0006DBE65 /* SystemConfiguration.framework in Frameworks */,
				083257FB1B800FC3006DBE65 /* Security.framework in Frameworks */,
				083257F91B800FB5006DBE65 /* QuartzCore.framework in Frameworks */,
				083257F71B800FAC006DBE65 /* MobileCoreServices.framework in Frameworks */,
				083257F51B800F9F006DBE65 /* libz.dylib in Frameworks */,
				083257F31B800F8C006DBE65 /* Foundation.framework in Frameworks */,
				083257F11B800F80006DBE65 /* CoreGraphics.framework in Frameworks */,
				083257EF1B800F76006DBE65 /* CFNetwork.framework in Frameworks */,
				083257ED1B800F6B006DBE65 /* AudioToolbox.framework in Frameworks */,
				083257EB1B800F60006DBE65 /* CoreLocation.framework in Frameworks */,
				083257E91B7FC252006DBE65 /* FacebookSDK.framework in Frameworks */,
				083257E31B7EF028006DBE65 /* Bolts.framework in Frameworks */,
				083257E41B7EF028006DBE65 /* Parse.framework in Frameworks */,
				083257E51B7EF028006DBE65 /* ParseFacebookUtils.framework in Frameworks */,
			);
			runOnlyForDeploymentPostprocessing = 0;
		};
		083257C01B7E8991006DBE65 /* Frameworks */ = {
			isa = PBXFrameworksBuildPhase;
			buildActionMask = 2147483647;
			files = (
			);
			runOnlyForDeploymentPostprocessing = 0;
		};
/* End PBXFrameworksBuildPhase section */

/* Begin PBXGroup section */
		083257A11B7E8991006DBE65 = {
			isa = PBXGroup;
			children = (
				083257DF1B7EEF22006DBE65 /* FrameWorks */,
				083257AC1B7E8991006DBE65 /* ChatTest */,
				083257C61B7E8991006DBE65 /* ChatTestTests */,
				083257AB1B7E8991006DBE65 /* Products */,
			);
			sourceTree = "<group>";
		};
		083257AB1B7E8991006DBE65 /* Products */ = {
			isa = PBXGroup;
			children = (
				083257AA1B7E8991006DBE65 /* ChatTest.app */,
				083257C31B7E8991006DBE65 /* ChatTestTests.xctest */,
			);
			name = Products;
			sourceTree = "<group>";
		};
		083257AC1B7E8991006DBE65 /* ChatTest */ = {
			isa = PBXGroup;
			children = (
				083258071B80110D006DBE65 /* Classes */,
				083258061B8010CE006DBE65 /* Resources */,
				083257AD1B7E8991006DBE65 /* Supporting Files */,
			);
			path = ChatTest;
			sourceTree = "<group>";
		};
		083257AD1B7E8991006DBE65 /* Supporting Files */ = {
			isa = PBXGroup;
			children = (
				083257AE1B7E8991006DBE65 /* Info.plist */,
				083257AF1B7E8991006DBE65 /* main.m */,
			);
			name = "Supporting Files";
			sourceTree = "<group>";
		};
		083257C61B7E8991006DBE65 /* ChatTestTests */ = {
			isa = PBXGroup;
			children = (
				083257C91B7E8991006DBE65 /* ChatTestTests.m */,
				083257C71B7E8991006DBE65 /* Supporting Files */,
			);
			path = ChatTestTests;
			sourceTree = "<group>";
		};
		083257C71B7E8991006DBE65 /* Supporting Files */ = {
			isa = PBXGroup;
			children = (
				083257C81B7E8991006DBE65 /* Info.plist */,
			);
			name = "Supporting Files";
			sourceTree = "<group>";
		};
		083257DF1B7EEF22006DBE65 /* FrameWorks */ = {
			isa = PBXGroup;
			children = (
				083258021B80100C006DBE65 /* System_Frameworks */,
				083258051B8010A7006DBE65 /* User_Frameworks */,
			);
			name = FrameWorks;
			sourceTree = "<group>";
		};
		083258021B80100C006DBE65 /* System_Frameworks */ = {
			isa = PBXGroup;
			children = (
				083258031B80107A006DBE65 /* libsqlite3.dylib */,
				083258001B800FE9006DBE65 /* UIKit.framework */,
				083257FE1B800FE0006DBE65 /* SystemConfiguration.framework */,
				083257FC1B800FCF006DBE65 /* StoreKit.framework */,
				083257FA1B800FC3006DBE65 /* Security.framework */,
				083257F81B800FB5006DBE65 /* QuartzCore.framework */,
				083257F61B800FAC006DBE65 /* MobileCoreServices.framework */,
				083257F41B800F9F006DBE65 /* libz.dylib */,
				083257F21B800F8C006DBE65 /* Foundation.framework */,
				083257F01B800F80006DBE65 /* CoreGraphics.framework */,
				083257EE1B800F76006DBE65 /* CFNetwork.framework */,
				083257EC1B800F6B006DBE65 /* AudioToolbox.framework */,
				083257EA1B800F60006DBE65 /* CoreLocation.framework */,
			);
			name = System_Frameworks;
			sourceTree = "<group>";
		};
		083258051B8010A7006DBE65 /* User_Frameworks */ = {
			isa = PBXGroup;
			children = (
				083257E81B7FC252006DBE65 /* FacebookSDK.framework */,
				083257E01B7EF028006DBE65 /* Bolts.framework */,
				083257E11B7EF028006DBE65 /* Parse.framework */,
				083257E21B7EF028006DBE65 /* ParseFacebookUtils.framework */,
			);
			name = User_Frameworks;
			sourceTree = "<group>";
		};
		083258061B8010CE006DBE65 /* Resources */ = {
			isa = PBXGroup;
			children = (
				083257B71B7E8991006DBE65 /* Main.storyboard */,
				083257BA1B7E8991006DBE65 /* Images.xcassets */,
				083257BC1B7E8991006DBE65 /* LaunchScreen.xib */,
			);
			name = Resources;
			sourceTree = "<group>";
		};
		083258071B80110D006DBE65 /* Classes */ = {
			isa = PBXGroup;
			children = (
				083257B11B7E8991006DBE65 /* AppDelegate.h */,
				083257B21B7E8991006DBE65 /* AppDelegate.m */,
				083257B41B7E8991006DBE65 /* ViewController.h */,
				083257B51B7E8991006DBE65 /* ViewController.m */,
				083257D61B7EB06E006DBE65 /* ChatViewController.h */,
				083257D71B7EB06E006DBE65 /* ChatViewController.m */,
				083257D91B7EDE57006DBE65 /* ChatMsgCellTableViewCell.h */,
				083257DA1B7EDE57006DBE65 /* ChatMsgCellTableViewCell.m */,
				083257DC1B7EE427006DBE65 /* ChatMessageItem.h */,
				083257DD1B7EE427006DBE65 /* ChatMessageItem.m */,
				083257E61B7FAB8E006DBE65 /* Config.h */,
				083257E71B7FBDE9006DBE65 /* Constance.h */,
			);
			name = Classes;
			sourceTree = "<group>";
		};
/* End PBXGroup section */

/* Begin PBXNativeTarget section */
		083257A91B7E8991006DBE65 /* ChatTest */ = {
			isa = PBXNativeTarget;
			buildConfigurationList = 083257CD1B7E8991006DBE65 /* Build configuration list for PBXNativeTarget "ChatTest" */;
			buildPhases = (
				083257A61B7E8991006DBE65 /* Sources */,
				083257A71B7E8991006DBE65 /* Frameworks */,
				083257A81B7E8991006DBE65 /* Resources */,
			);
			buildRules = (
			);
			dependencies = (
			);
			name = ChatTest;
			productName = ChatTest;
			productReference = 083257AA1B7E8991006DBE65 /* ChatTest.app */;
			productType = "com.apple.product-type.application";
		};
		083257C21B7E8991006DBE65 /* ChatTestTests */ = {
			isa = PBXNativeTarget;
			buildConfigurationList = 083257D01B7E8991006DBE65 /* Build configuration list for PBXNativeTarget "ChatTestTests" */;
			buildPhases = (
				083257BF1B7E8991006DBE65 /* Sources */,
				083257C01B7E8991006DBE65 /* Frameworks */,
				083257C11B7E8991006DBE65 /* Resources */,
			);
			buildRules = (
			);
			dependencies = (
				083257C51B7E8991006DBE65 /* PBXTargetDependency */,
			);
			name = ChatTestTests;
			productName = ChatTestTests;
			productReference = 083257C31B7E8991006DBE65 /* ChatTestTests.xctest */;
			productType = "com.apple.product-type.bundle.unit-test";
		};
/* End PBXNativeTarget section */

/* Begin PBXProject section */
		083257A21B7E8991006DBE65 /* Project object */ = {
			isa = PBXProject;
			attributes = {
				LastUpgradeCheck = 0640;
				ORGANIZATIONNAME = UmeshYennam;
				TargetAttributes = {
					083257A91B7E8991006DBE65 = {
						CreatedOnToolsVersion = 6.4;
						DevelopmentTeam = YW594LZH5X;
					};
					083257C21B7E8991006DBE65 = {
						CreatedOnToolsVersion = 6.4;
						TestTargetID = 083257A91B7E8991006DBE65;
					};
				};
			};
			buildConfigurationList = 083257A51B7E8991006DBE65 /* Build configuration list for PBXProject "ChatTest" */;
			compatibilityVersion = "Xcode 3.2";
			developmentRegion = English;
			hasScannedForEncodings = 0;
			knownRegions = (
				en,
				Base,
			);
			mainGroup = 083257A11B7E8991006DBE65;
			productRefGroup = 083257AB1B7E8991006DBE65 /* Products */;
			projectDirPath = "";
			projectRoot = "";
			targets = (
				083257A91B7E8991006DBE65 /* ChatTest */,
				083257C21B7E8991006DBE65 /* ChatTestTests */,
			);
		};
/* End PBXProject section */

/* Begin PBXResourcesBuildPhase section */
		083257A81B7E8991006DBE65 /* Resources */ = {
			isa = PBXResourcesBuildPhase;
			buildActionMask = 2147483647;
			files = (
				083257B91B7E8991006DBE65 /* Main.storyboard in Resources */,
				083257BE1B7E8991006DBE65 /* LaunchScreen.xib in Resources */,
				083257BB1B7E8991006DBE65 /* Images.xcassets in Resources */,
			);
			runOnlyForDeploymentPostprocessing = 0;
		};
		083257C11B7E8991006DBE65 /* Resources */ = {
			isa = PBXResourcesBuildPhase;
			buildActionMask = 2147483647;
			files = (
			);
			runOnlyForDeploymentPostprocessing = 0;
		};
/* End PBXResourcesBuildPhase section */

/* Begin PBXSourcesBuildPhase section */
		083257A61B7E8991006DBE65 /* Sources */ = {
			isa = PBXSourcesBuildPhase;
			buildActionMask = 2147483647;
			files = (
				083257DE1B7EE427006DBE65 /* ChatMessageItem.m in Sources */,
				083257B61B7E8991006DBE65 /* ViewController.m in Sources */,
				083257B31B7E8991006DBE65 /* AppDelegate.m in Sources */,
				083257D81B7EB06E006DBE65 /* ChatViewController.m in Sources */,
				083257DB1B7EDE57006DBE65 /* ChatMsgCellTableViewCell.m in Sources */,
				083257B01B7E8991006DBE65 /* main.m in Sources */,
			);
			runOnlyForDeploymentPostprocessing = 0;
		};
		083257BF1B7E8991006DBE65 /* Sources */ = {
			isa = PBXSourcesBuildPhase;
			buildActionMask = 2147483647;
			files = (
				083257CA1B7E8991006DBE65 /* ChatTestTests.m in Sources */,
			);
			runOnlyForDeploymentPostprocessing = 0;
		};
/* End PBXSourcesBuildPhase section */

/* Begin PBXTargetDependency section */
		083257C51B7E8991006DBE65 /* PBXTargetDependency */ = {
			isa = PBXTargetDependency;
			target = 083257A91B7E8991006DBE65 /* ChatTest */;
			targetProxy = 083257C41B7E8991006DBE65 /* PBXContainerItemProxy */;
		};
/* End PBXTargetDependency section */

/* Begin PBXVariantGroup section */
		083257B71B7E8991006DBE65 /* Main.storyboard */ = {
			isa = PBXVariantGroup;
			children = (
				083257B81B7E8991006DBE65 /* Base */,
			);
			name = Main.storyboard;
			sourceTree = "<group>";
		};
		083257BC1B7E8991006DBE65 /* LaunchScreen.xib */ = {
			isa = PBXVariantGroup;
			children = (
				083257BD1B7E8991006DBE65 /* Base */,
			);
			name = LaunchScreen.xib;
			sourceTree = "<group>";
		};
/* End PBXVariantGroup section */

/* Begin XCBuildConfiguration section */
		083257CB1B7E8991006DBE65 /* Debug */ = {
			isa = XCBuildConfiguration;
			buildSettings = {
				ALWAYS_SEARCH_USER_PATHS = NO;
				CLANG_CXX_LANGUAGE_STANDARD = "gnu++0x";
				CLANG_CXX_LIBRARY = "libc++";
				CLANG_ENABLE_MODULES = YES;
				CLANG_ENABLE_OBJC_ARC = YES;
				CLANG_WARN_BOOL_CONVERSION = YES;
				CLANG_WARN_CONSTANT_CONVERSION = YES;
				CLANG_WARN_DIRECT_OBJC_ISA_USAGE = YES_ERROR;
				CLANG_WARN_EMPTY_BODY = YES;
				CLANG_WARN_ENUM_CONVERSION = YES;
				CLANG_WARN_INT_CONVERSION = YES;
				CLANG_WARN_OBJC_ROOT_CLASS = YES_ERROR;
				CLANG_WARN_UNREACHABLE_CODE = YES;
				CLANG_WARN__DUPLICATE_METHOD_MATCH = YES;
				"CODE_SIGN_IDENTITY[sdk=iphoneos*]" = "iPhone Developer";
				COPY_PHASE_STRIP = NO;
				DEBUG_INFORMATION_FORMAT = "dwarf-with-dsym";
				ENABLE_STRICT_OBJC_MSGSEND = YES;
				GCC_C_LANGUAGE_STANDARD = gnu99;
				GCC_DYNAMIC_NO_PIC = NO;
				GCC_NO_COMMON_BLOCKS = YES;
				GCC_OPTIMIZATION_LEVEL = 0;
				GCC_PREPROCESSOR_DEFINITIONS = (
					"DEBUG=1",
					"$(inherited)",
				);
				GCC_SYMBOLS_PRIVATE_EXTERN = NO;
				GCC_WARN_64_TO_32_BIT_CONVERSION = YES;
				GCC_WARN_ABOUT_RETURN_TYPE = YES_ERROR;
				GCC_WARN_UNDECLARED_SELECTOR = YES;
				GCC_WARN_UNINITIALIZED_AUTOS = YES_AGGRESSIVE;
				GCC_WARN_UNUSED_FUNCTION = YES;
				GCC_WARN_UNUSED_VARIABLE = YES;
				IPHONEOS_DEPLOYMENT_TARGET = 8.4;
				MTL_ENABLE_DEBUG_INFO = YES;
				ONLY_ACTIVE_ARCH = YES;
				SDKROOT = iphoneos;
			};
			name = Debug;
		};
		083257CC1B7E8991006DBE65 /* Release */ = {
			isa = XCBuildConfiguration;
			buildSettings = {
				ALWAYS_SEARCH_USER_PATHS = NO;
				CLANG_CXX_LANGUAGE_STANDARD = "gnu++0x";
				CLANG_CXX_LIBRARY = "libc++";
				CLANG_ENABLE_MODULES = YES;
				CLANG_ENABLE_OBJC_ARC = YES;
				CLANG_WARN_BOOL_CONVERSION = YES;
				CLANG_WARN_CONSTANT_CONVERSION = YES;
				CLANG_WARN_DIRECT_OBJC_ISA_USAGE = YES_ERROR;
				CLANG_WARN_EMPTY_BODY = YES;
				CLANG_WARN_ENUM_CONVERSION = YES;
				CLANG_WARN_INT_CONVERSION = YES;
				CLANG_WARN_OBJC_ROOT_CLASS = YES_ERROR;
				CLANG_WARN_UNREACHABLE_CODE = YES;
				CLANG_WARN__DUPLICATE_METHOD_MATCH = YES;
				"CODE_SIGN_IDENTITY[sdk=iphoneos*]" = "iPhone Developer";
				COPY_PHASE_STRIP = NO;
				DEBUG_INFORMATION_FORMAT = "dwarf-with-dsym";
				ENABLE_NS_ASSERTIONS = NO;
				ENABLE_STRICT_OBJC_MSGSEND = YES;
				GCC_C_LANGUAGE_STANDARD = gnu99;
				GCC_NO_COMMON_BLOCKS = YES;
				GCC_WARN_64_TO_32_BIT_CONVERSION = YES;
				GCC_WARN_ABOUT_RETURN_TYPE = YES_ERROR;
				GCC_WARN_UNDECLARED_SELECTOR = YES;
				GCC_WARN_UNINITIALIZED_AUTOS = YES_AGGRESSIVE;
				GCC_WARN_UNUSED_FUNCTION = YES;
				GCC_WARN_UNUSED_VARIABLE = YES;
				IPHONEOS_DEPLOYMENT_TARGET = 8.4;
				MTL_ENABLE_DEBUG_INFO = NO;
				SDKROOT = iphoneos;
				VALIDATE_PRODUCT = YES;
			};
			name = Release;
		};
		083257CE1B7E8991006DBE65 /* Debug */ = {
			isa = XCBuildConfiguration;
			buildSettings = {
				ASSETCATALOG_COMPILER_APPICON_NAME = AppIcon;
				CODE_SIGN_IDENTITY = "iPhone Developer: umeshwarrao yennam (4DS5A7Y74C)";
				"CODE_SIGN_IDENTITY[sdk=iphoneos*]" = "iPhone Developer: umeshwarrao yennam (4DS5A7Y74C)";
				FRAMEWORK_SEARCH_PATHS = (
					"$(inherited)",
					"$(PROJECT_DIR)/ProjectFiles",
				);
				INFOPLIST_FILE = ChatTest/Info.plist;
				LD_RUNPATH_SEARCH_PATHS = "$(inherited) @executable_path/Frameworks";
				PRODUCT_NAME = "$(TARGET_NAME)";
				PROVISIONING_PROFILE = "3e7b886a-0057-4415-a04d-049b1474c340";
			};
			name = Debug;
		};
		083257CF1B7E8991006DBE65 /* Release */ = {
			isa = XCBuildConfiguration;
			buildSettings = {
				ASSETCATALOG_COMPILER_APPICON_NAME = AppIcon;
				CODE_SIGN_IDENTITY = "iPhone Developer: umeshwarrao yennam (4DS5A7Y74C)";
				"CODE_SIGN_IDENTITY[sdk=iphoneos*]" = "iPhone Developer: umeshwarrao yennam (4DS5A7Y74C)";
				FRAMEWORK_SEARCH_PATHS = (
					"$(inherited)",
					"$(PROJECT_DIR)/ProjectFiles",
				);
				INFOPLIST_FILE = ChatTest/Info.plist;
				LD_RUNPATH_SEARCH_PATHS = "$(inherited) @executable_path/Frameworks";
				PRODUCT_NAME = "$(TARGET_NAME)";
				PROVISIONING_PROFILE = "3e7b886a-0057-4415-a04d-049b1474c340";
			};
			name = Release;
		};
		083257D11B7E8991006DBE65 /* Debug */ = {
			isa = XCBuildConfiguration;
			buildSettings = {
				BUNDLE_LOADER = "$(TEST_HOST)";
				FRAMEWORK_SEARCH_PATHS = (
					"$(SDKROOT)/Developer/Library/Frameworks",
					"$(inherited)",
				);
				GCC_PREPROCESSOR_DEFINITIONS = (
					"DEBUG=1",
					"$(inherited)",
				);
				INFOPLIST_FILE = ChatTestTests/Info.plist;
				LD_RUNPATH_SEARCH_PATHS = "$(inherited) @executable_path/Frameworks @loader_path/Frameworks";
				PRODUCT_NAME = "$(TARGET_NAME)";
				TEST_HOST = "$(BUILT_PRODUCTS_DIR)/ChatTest.app/ChatTest";
			};
			name = Debug;
		};
		083257D21B7E8991006DBE65 /* Release */ = {
			isa = XCBuildConfiguration;
			buildSettings = {
				BUNDLE_LOADER = "$(TEST_HOST)";
				FRAMEWORK_SEARCH_PATHS = (
					"$(SDKROOT)/Developer/Library/Frameworks",
					"$(inherited)",
				);
				INFOPLIST_FILE = ChatTestTests/Info.plist;
				LD_RUNPATH_SEARCH_PATHS = "$(inherited) @executable_path/Frameworks @loader_path/Frameworks";
				PRODUCT_NAME = "$(TARGET_NAME)";
				TEST_HOST = "$(BUILT_PRODUCTS_DIR)/ChatTest.app/ChatTest";
			};
			name = Release;
		};
/* End XCBuildConfiguration section */

/* Begin XCConfigurationList section */
		083257A51B7E8991006DBE65 /* Build configuration list for PBXProject "ChatTest" */ = {
			isa = XCConfigurationList;
			buildConfigurations = (
				083257CB1B7E8991006DBE65 /* Debug */,
				083257CC1B7E8991006DBE65 /* Release */,
			);
			defaultConfigurationIsVisible = 0;
			defaultConfigurationName = Release;
		};
		083257CD1B7E8991006DBE65 /* Build configuration list for PBXNativeTarget "ChatTest" */ = {
			isa = XCConfigurationList;
			buildConfigurations = (
				083257CE1B7E8991006DBE65 /* Debug */,
				083257CF1B7E8991006DBE65 /* Release */,
			);
			defaultConfigurationIsVisible = 0;
			defaultConfigurationName = Release;
		};
		083257D01B7E8991006DBE65 /* Build configuration list for PBXNativeTarget "ChatTestTests" */ = {
			isa = XCConfigurationList;
			buildConfigurations = (
				083257D11B7E8991006DBE65 /* Debug */,
				083257D21B7E8991006DBE65 /* Release */,
			);
			defaultConfigurationIsVisible = 0;
			defaultConfigurationName = Release;
		};
/* End XCConfigurationList section */
	};
	rootObject = 083257A21B7E8991006DBE65 /* Project object */;
}
